
Microsoft Visual Studio Solution File, Format Version 12.00
# Visual Studio Version 17
VisualStudioVersion = 17.0.31903.59
MinimumVisualStudioVersion = 10.0.40219.1
Project("{FAE04EC0-301F-11D3-BF4B-3081FF1F91C6}") = "MySelfRep", "src\MySelfRep\MySelfRep.csproj", "{AD57396A-D51F-4DBB-AAE1-3356C3B08167}"
EndProject
Global
	GlobalSection(SolutionConfigurationPlatforms) = preSolution
		Debug|Any CPU = Debug|Any CPU
		Release|Any CPU = Release|Any CPU
	EndGlobalSection
	GlobalSection(ProjectConfigurationPlatforms) = postSolution
		{AD57396A-D51F-4DBB-AAE1-3356C3B08167}.Debug|Any CPU.ActiveCfg = Debug|Any CPU
		{AD57396A-D51F-4DBB-AAE1-3356C3B08167}.Debug|Any CPU.Build.0 = Debug|Any CPU
		{AD57396A-D51F-4DBB-AAE1-3356C3B08167}.Release|Any CPU.ActiveCfg = Release|Any CPU
		{AD57396A-D51F-4DBB-AAE1-3356C3B08167}.Release|Any CPU.Build.0 = Release|Any CPU
	EndGlobalSection
	GlobalSection(SolutionProperties) = preSolution
		HideSolutionNode = FALSE
	EndGlobalSection
	GlobalSection(ExtensionObjectsTable) = postSolution
	EndGlobalSection
EndGlobal
